
Microsoft Visual Studio Solution File, Format Version 12.00
# Visual Studio Version 17
VisualStudioVersion = 17.9.34728.123
MinimumVisualStudioVersion = 10.0.40219.1
Project("{FAE04EC0-301F-11D3-BF4B-00C04F79EFBC}") = "TimesheetTracker", "TimesheetTracker\TimesheetTracker.csproj", "{FC780177-CAB8-45CA-9B2E-E0BD3A04D21D}"
EndProject
Project("{FAE04EC0-301F-11D3-BF4B-00C04F79EFBC}") = "TimesheetTrackerLibrary", "TimesheetTrackerLibrary\TimesheetTrackerLibrary.csproj", "{379E1375-71E5-4AD1-B25F-53A3AF4B8FA9}"
EndProject
Global
	GlobalSection(SolutionConfigurationPlatforms) = preSolution
		Debug|Any CPU = Debug|Any CPU
		Release|Any CPU = Release|Any CPU
	EndGlobalSection
	GlobalSection(ProjectConfigurationPlatforms) = postSolution
		{FC780177-CAB8-45CA-9B2E-E0BD3A04D21D}.Debug|Any CPU.ActiveCfg = Debug|Any CPU
		{FC780177-CAB8-45CA-9B2E-E0BD3A04D21D}.Debug|Any CPU.Build.0 = Debug|Any CPU
		{FC780177-CAB8-45CA-9B2E-E0BD3A04D21D}.Release|Any CPU.ActiveCfg = Release|Any CPU
		{FC780177-CAB8-45CA-9B2E-E0BD3A04D21D}.Release|Any CPU.Build.0 = Release|Any CPU
		{379E1375-71E5-4AD1-B25F-53A3AF4B8FA9}.Debug|Any CPU.ActiveCfg = Debug|Any CPU
		{379E1375-71E5-4AD1-B25F-53A3AF4B8FA9}.Debug|Any CPU.Build.0 = Debug|Any CPU
		{379E1375-71E5-4AD1-B25F-53A3AF4B8FA9}.Release|Any CPU.ActiveCfg = Release|Any CPU
		{379E1375-71E5-4AD1-B25F-53A3AF4B8FA9}.Release|Any CPU.Build.0 = Release|Any CPU
	EndGlobalSection
	GlobalSection(SolutionProperties) = preSolution
		HideSolutionNode = FALSE
	EndGlobalSection
	GlobalSection(ExtensibilityGlobals) = postSolution
		SolutionGuid = {5E61F47C-4BF7-4E3B-BE50-D401ADC98AF8}
	EndGlobalSection
EndGlobal
